PODS:
  - Cards (0.0.1):
    - pop (~> 1.0)
  - Nimble (0.4.2)
  - pop (1.0.7)
  - Quick (0.3.1)

DEPENDENCIES:
  - Cards (from `./`)
  - Nimble
  - pop
  - Quick

EXTERNAL SOURCES:
  Cards:
    :path: ./

SPEC CHECKSUMS:
  Cards: 99b9e61a964163f9f06d6288eb2a46f81ce9685f
  Nimble: 49b7a7da8919f42823d37c6d68cc6d15a7009f32
  pop: 628ffc631644601567ee8bfaaaea493ebd7d0923
  Quick: 824572d3d198d51e52cf4aa722cebf7e59952a35

COCOAPODS: 0.37.1
