PODS:
  - Cards (0.0.1):
    - pop (~> 1.0)
  - Nimble (2.0.0-rc.3)
  - pop (1.0.8)
  - Quick (0.6.0)

DEPENDENCIES:
  - Cards (from `./`)
  - Nimble (= 2.0.0-rc.3)
  - pop
  - Quick

EXTERNAL SOURCES:
  Cards:
    :path: "./"

SPEC CHECKSUMS:
  Cards: 99b9e61a964163f9f06d6288eb2a46f81ce9685f
  Nimble: 9dff98ee195ffe7351d3b2fb01d3a1420fd97948
  pop: bb773ae2c791ca2629de13b347e7a8b450fa6a57
  Quick: 563686dbcf0ae0f9f7401ac9cd2d786ee1b7f3d7

COCOAPODS: 0.39.0.beta.4
