// !$*UTF8*$!
{
	archiveVersion = 1;
	classes = {
	};
	objectVersion = 46;
	objects = {

/* Begin PBXBuildFile section */
		A12041481B9A365100E80140 /* DetailViewController.swift in Sources */ = {isa = PBXBuildFile; fileRef = A12041471B9A365100E80140 /* DetailViewController.swift */; };
		A12F39281BB9E09F00E376C1 /* VerticalViewController.swift in Sources */ = {isa = PBXBuildFile; fileRef = A12F39271BB9E09F00E376C1 /* VerticalViewController.swift */; };
		A162B1B91A5C80C800C7B01C /* AppDelegate.swift in Sources */ = {isa = PBXBuildFile; fileRef = A162B1B81A5C80C800C7B01C /* AppDelegate.swift */; };
		A162B1BB1A5C80C800C7B01C /* MasterViewController.swift in Sources */ = {isa = PBXBuildFile; fileRef = A162B1BA1A5C80C800C7B01C /* MasterViewController.swift */; };
		A162B1BE1A5C80C800C7B01C /* Main.storyboard in Resources */ = {isa = PBXBuildFile; fileRef = A162B1BC1A5C80C800C7B01C /* Main.storyboard */; };
		A162B1C01A5C80C800C7B01C /* Images.xcassets in Resources */ = {isa = PBXBuildFile; fileRef = A162B1BF1A5C80C800C7B01C /* Images.xcassets */; };
		A162B1C31A5C80C800C7B01C /* LaunchScreen.xib in Resources */ = {isa = PBXBuildFile; fileRef = A162B1C11A5C80C800C7B01C /* LaunchScreen.xib */; };
		A1A775371BB9914F00289023 /* ImageViewController.swift in Sources */ = {isa = PBXBuildFile; fileRef = A1A775361BB9914F00289023 /* ImageViewController.swift */; };
		E4FB4A9F0D705051B4687C9B /* Pods_Example.framework in Frameworks */ = {isa = PBXBuildFile; fileRef = 96EFBD407EA773827E72D4E1 /* Pods_Example.framework */; settings = {ATTRIBUTES = (Weak, ); }; };
/* End PBXBuildFile section */

/* Begin PBXContainerItemProxy section */
		A1518DE61A682C0600C322F1 /* PBXContainerItemProxy */ = {
			isa = PBXContainerItemProxy;
			containerPortal = A162B1AB1A5C80C800C7B01C /* Project object */;
			proxyType = 1;
			remoteGlobalIDString = A162B1B21A5C80C800C7B01C;
			remoteInfo = Example;
		};
/* End PBXContainerItemProxy section */

/* Begin PBXCopyFilesBuildPhase section */
		A162B1E31A5C80E100C7B01C /* Copy Frameworks */ = {
			isa = PBXCopyFilesBuildPhase;
			buildActionMask = 2147483647;
			dstPath = "";
			dstSubfolderSpec = 10;
			files = (
			);
			name = "Copy Frameworks";
			runOnlyForDeploymentPostprocessing = 0;
		};
/* End PBXCopyFilesBuildPhase section */

/* Begin PBXFileReference section */
		0060AF62B27FEE38D64A7BAF /* Pods-ExampleTests.debug.xcconfig */ = {isa = PBXFileReference; includeInIndex = 1; lastKnownFileType = text.xcconfig; name = "Pods-ExampleTests.debug.xcconfig"; path = "../Pods/Target Support Files/Pods-ExampleTests/Pods-ExampleTests.debug.xcconfig"; sourceTree = "<group>"; };
		0CF43644861C641A0CAF70FB /* Pods-ExampleTests.release.xcconfig */ = {isa = PBXFileReference; includeInIndex = 1; lastKnownFileType = text.xcconfig; name = "Pods-ExampleTests.release.xcconfig"; path = "../Pods/Target Support Files/Pods-ExampleTests/Pods-ExampleTests.release.xcconfig"; sourceTree = "<group>"; };
		41B49DD45D57457E92EA5574 /* Pods-Example.release.xcconfig */ = {isa = PBXFileReference; includeInIndex = 1; lastKnownFileType = text.xcconfig; name = "Pods-Example.release.xcconfig"; path = "../Pods/Target Support Files/Pods-Example/Pods-Example.release.xcconfig"; sourceTree = "<group>"; };
		5F73E114ADEE4F47389943EB /* Pods_Example_Tests.framework */ = {isa = PBXFileReference; explicitFileType = wrapper.framework; includeInIndex = 0; path = Pods_Example_Tests.framework; sourceTree = BUILT_PRODUCTS_DIR; };
		6CDBB7E076AE784D99BE0692 /* Pods_ExampleTests.framework */ = {isa = PBXFileReference; explicitFileType = wrapper.framework; includeInIndex = 0; path = Pods_ExampleTests.framework; sourceTree = BUILT_PRODUCTS_DIR; };
		96EFBD407EA773827E72D4E1 /* Pods_Example.framework */ = {isa = PBXFileReference; explicitFileType = wrapper.framework; includeInIndex = 0; path = Pods_Example.framework; sourceTree = BUILT_PRODUCTS_DIR; };
		A12041471B9A365100E80140 /* DetailViewController.swift */ = {isa = PBXFileReference; fileEncoding = 4; lastKnownFileType = sourcecode.swift; path = DetailViewController.swift; sourceTree = "<group>"; };
		A12F39271BB9E09F00E376C1 /* VerticalViewController.swift */ = {isa = PBXFileReference; fileEncoding = 4; lastKnownFileType = sourcecode.swift; path = VerticalViewController.swift; sourceTree = "<group>"; };
		A1518DE01A682C0600C322F1 /* ExampleTests.xctest */ = {isa = PBXFileReference; explicitFileType = wrapper.cfbundle; includeInIndex = 0; path = ExampleTests.xctest; sourceTree = BUILT_PRODUCTS_DIR; };
		A1518DE31A682C0600C322F1 /* Info.plist */ = {isa = PBXFileReference; lastKnownFileType = text.plist.xml; path = Info.plist; sourceTree = "<group>"; };
		A162B1B31A5C80C800C7B01C /* Example.app */ = {isa = PBXFileReference; explicitFileType = wrapper.application; includeInIndex = 0; path = Example.app; sourceTree = BUILT_PRODUCTS_DIR; };
		A162B1B71A5C80C800C7B01C /* Info.plist */ = {isa = PBXFileReference; lastKnownFileType = text.plist.xml; path = Info.plist; sourceTree = "<group>"; };
		A162B1B81A5C80C800C7B01C /* AppDelegate.swift */ = {isa = PBXFileReference; lastKnownFileType = sourcecode.swift; path = AppDelegate.swift; sourceTree = "<group>"; };
		A162B1BA1A5C80C800C7B01C /* MasterViewController.swift */ = {isa = PBXFileReference; lastKnownFileType = sourcecode.swift; path = MasterViewController.swift; sourceTree = "<group>"; };
		A162B1BD1A5C80C800C7B01C /* Base */ = {isa = PBXFileReference; lastKnownFileType = file.storyboard; name = Base; path = Base.lproj/Main.storyboard; sourceTree = "<group>"; };
		A162B1BF1A5C80C800C7B01C /* Images.xcassets */ = {isa = PBXFileReference; lastKnownFileType = folder.assetcatalog; path = Images.xcassets; sourceTree = "<group>"; };
		A162B1C21A5C80C800C7B01C /* Base */ = {isa = PBXFileReference; lastKnownFileType = file.xib; name = Base; path = Base.lproj/LaunchScreen.xib; sourceTree = "<group>"; };
		A19646C11A682B2100110A3A /* Pods_ExampleTests.framework */ = {isa = PBXFileReference; lastKnownFileType = wrapper.framework; name = Pods_ExampleTests.framework; path = "../Pods/build/Debug-iphoneos/Pods_ExampleTests.framework"; sourceTree = "<group>"; };
		A1A775361BB9914F00289023 /* ImageViewController.swift */ = {isa = PBXFileReference; fileEncoding = 4; lastKnownFileType = sourcecode.swift; path = ImageViewController.swift; sourceTree = "<group>"; };
		CF844FFD6A42D0F5316619C7 /* Pods-Example.release.xcconfig */ = {isa = PBXFileReference; includeInIndex = 1; lastKnownFileType = text.xcconfig; name = "Pods-Example.release.xcconfig"; path = "Pods/Target Support Files/Pods-Example/Pods-Example.release.xcconfig"; sourceTree = "<group>"; };
		E0DB04E37E18FEDD09F5D8F1 /* Pods-Example.debug.xcconfig */ = {isa = PBXFileReference; includeInIndex = 1; lastKnownFileType = text.xcconfig; name = "Pods-Example.debug.xcconfig"; path = "Pods/Target Support Files/Pods-Example/Pods-Example.debug.xcconfig"; sourceTree = "<group>"; };
		F8BA00E96C14F2D235C21C5B /* Pods-Example.debug.xcconfig */ = {isa = PBXFileReference; includeInIndex = 1; lastKnownFileType = text.xcconfig; name = "Pods-Example.debug.xcconfig"; path = "../Pods/Target Support Files/Pods-Example/Pods-Example.debug.xcconfig"; sourceTree = "<group>"; };
/* End PBXFileReference section */

/* Begin PBXFrameworksBuildPhase section */
		7E7DA43005CB9790FB614F0B /* Frameworks */ = {
			isa = PBXFrameworksBuildPhase;
			buildActionMask = 2147483647;
			files = (
			);
			runOnlyForDeploymentPostprocessing = 0;
		};
		A162B1B01A5C80C800C7B01C /* Frameworks */ = {
			isa = PBXFrameworksBuildPhase;
			buildActionMask = 2147483647;
			files = (
				E4FB4A9F0D705051B4687C9B /* Pods_Example.framework in Frameworks */,
			);
			runOnlyForDeploymentPostprocessing = 0;
		};
/* End PBXFrameworksBuildPhase section */

/* Begin PBXGroup section */
		795886844ED6426359B17EE3 /* Pods */ = {
			isa = PBXGroup;
			children = (
				0060AF62B27FEE38D64A7BAF /* Pods-ExampleTests.debug.xcconfig */,
				0CF43644861C641A0CAF70FB /* Pods-ExampleTests.release.xcconfig */,
				F8BA00E96C14F2D235C21C5B /* Pods-Example.debug.xcconfig */,
				41B49DD45D57457E92EA5574 /* Pods-Example.release.xcconfig */,
				E0DB04E37E18FEDD09F5D8F1 /* Pods-Example.debug.xcconfig */,
				CF844FFD6A42D0F5316619C7 /* Pods-Example.release.xcconfig */,
			);
			name = Pods;
			sourceTree = "<group>";
		};
		A1518DE11A682C0600C322F1 /* ExampleTests */ = {
			isa = PBXGroup;
			children = (
				A1518DE21A682C0600C322F1 /* Supporting Files */,
			);
			path = ExampleTests;
			sourceTree = "<group>";
		};
		A1518DE21A682C0600C322F1 /* Supporting Files */ = {
			isa = PBXGroup;
			children = (
				A1518DE31A682C0600C322F1 /* Info.plist */,
			);
			name = "Supporting Files";
			sourceTree = "<group>";
		};
		A162B1AA1A5C80C800C7B01C = {
			isa = PBXGroup;
			children = (
				A162B1B51A5C80C800C7B01C /* Example */,
				A1518DE11A682C0600C322F1 /* ExampleTests */,
				A162B1B41A5C80C800C7B01C /* Products */,
				CBC9DBBEF694222305E36D69 /* Frameworks */,
				795886844ED6426359B17EE3 /* Pods */,
			);
			sourceTree = "<group>";
		};
		A162B1B41A5C80C800C7B01C /* Products */ = {
			isa = PBXGroup;
			children = (
				A162B1B31A5C80C800C7B01C /* Example.app */,
				A1518DE01A682C0600C322F1 /* ExampleTests.xctest */,
			);
			name = Products;
			sourceTree = "<group>";
		};
		A162B1B51A5C80C800C7B01C /* Example */ = {
			isa = PBXGroup;
			children = (
				A162B1B81A5C80C800C7B01C /* AppDelegate.swift */,
				A162B1BA1A5C80C800C7B01C /* MasterViewController.swift */,
				A12041471B9A365100E80140 /* DetailViewController.swift */,
				A1A775361BB9914F00289023 /* ImageViewController.swift */,
				A162B1BC1A5C80C800C7B01C /* Main.storyboard */,
				A162B1BF1A5C80C800C7B01C /* Images.xcassets */,
				A162B1C11A5C80C800C7B01C /* LaunchScreen.xib */,
				A162B1B61A5C80C800C7B01C /* Supporting Files */,
				A12F39271BB9E09F00E376C1 /* VerticalViewController.swift */,
			);
			path = Example;
			sourceTree = "<group>";
		};
		A162B1B61A5C80C800C7B01C /* Supporting Files */ = {
			isa = PBXGroup;
			children = (
				A162B1B71A5C80C800C7B01C /* Info.plist */,
			);
			name = "Supporting Files";
			sourceTree = "<group>";
		};
		CBC9DBBEF694222305E36D69 /* Frameworks */ = {
			isa = PBXGroup;
			children = (
				A19646C11A682B2100110A3A /* Pods_ExampleTests.framework */,
				5F73E114ADEE4F47389943EB /* Pods_Example_Tests.framework */,
				6CDBB7E076AE784D99BE0692 /* Pods_ExampleTests.framework */,
				96EFBD407EA773827E72D4E1 /* Pods_Example.framework */,
			);
			name = Frameworks;
			sourceTree = "<group>";
		};
/* End PBXGroup section */

/* Begin PBXNativeTarget section */
		A1518DDF1A682C0600C322F1 /* ExampleTests */ = {
			isa = PBXNativeTarget;
			buildConfigurationList = A1518DEB1A682C0600C322F1 /* Build configuration list for PBXNativeTarget "ExampleTests" */;
			buildPhases = (
				A1518DDC1A682C0600C322F1 /* Sources */,
				A1518DDE1A682C0600C322F1 /* Resources */,
				7E7DA43005CB9790FB614F0B /* Frameworks */,
			);
			buildRules = (
			);
			dependencies = (
				A1518DE71A682C0600C322F1 /* PBXTargetDependency */,
			);
			name = ExampleTests;
			productName = ExampleTests;
			productReference = A1518DE01A682C0600C322F1 /* ExampleTests.xctest */;
			productType = "com.apple.product-type.bundle.unit-test";
		};
		A162B1B21A5C80C800C7B01C /* Example */ = {
			isa = PBXNativeTarget;
			buildConfigurationList = A162B1D21A5C80C800C7B01C /* Build configuration list for PBXNativeTarget "Example" */;
			buildPhases = (
				607982CB095C50B61A14D799 /* [CP] Check Pods Manifest.lock */,
				A162B1AF1A5C80C800C7B01C /* Sources */,
				A162B1B01A5C80C800C7B01C /* Frameworks */,
				A162B1B11A5C80C800C7B01C /* Resources */,
				A162B1E31A5C80E100C7B01C /* Copy Frameworks */,
				8C54BBFF05040900DC4AB06A /* [CP] Embed Pods Frameworks */,
				D24C1CF0B0DDF33DD6364413 /* [CP] Copy Pods Resources */,
			);
			buildRules = (
			);
			dependencies = (
			);
			name = Example;
			productName = Example;
			productReference = A162B1B31A5C80C800C7B01C /* Example.app */;
			productType = "com.apple.product-type.application";
		};
/* End PBXNativeTarget section */

/* Begin PBXProject section */
		A162B1AB1A5C80C800C7B01C /* Project object */ = {
			isa = PBXProject;
			attributes = {
				LastSwiftMigration = 0700;
				LastSwiftUpdateCheck = 0700;
				LastUpgradeCheck = 0820;
				ORGANIZATIONNAME = "Karma Mobility Inc.";
				TargetAttributes = {
					A1518DDF1A682C0600C322F1 = {
						CreatedOnToolsVersion = 6.2;
						TestTargetID = A162B1B21A5C80C800C7B01C;
					};
					A162B1B21A5C80C800C7B01C = {
						CreatedOnToolsVersion = 6.2;
						DevelopmentTeam = 2DP9335PZJ;
						LastSwiftMigration = 0820;
					};
				};
			};
			buildConfigurationList = A162B1AE1A5C80C800C7B01C /* Build configuration list for PBXProject "Example" */;
			compatibilityVersion = "Xcode 3.2";
			developmentRegion = English;
			hasScannedForEncodings = 0;
			knownRegions = (
				en,
				Base,
			);
			mainGroup = A162B1AA1A5C80C800C7B01C;
			productRefGroup = A162B1B41A5C80C800C7B01C /* Products */;
			projectDirPath = "";
			projectRoot = "";
			targets = (
				A162B1B21A5C80C800C7B01C /* Example */,
				A1518DDF1A682C0600C322F1 /* ExampleTests */,
			);
		};
/* End PBXProject section */

/* Begin PBXResourcesBuildPhase section */
		A1518DDE1A682C0600C322F1 /* Resources */ = {
			isa = PBXResourcesBuildPhase;
			buildActionMask = 2147483647;
			files = (
			);
			runOnlyForDeploymentPostprocessing = 0;
		};
		A162B1B11A5C80C800C7B01C /* Resources */ = {
			isa = PBXResourcesBuildPhase;
			buildActionMask = 2147483647;
			files = (
				A162B1BE1A5C80C800C7B01C /* Main.storyboard in Resources */,
				A162B1C31A5C80C800C7B01C /* LaunchScreen.xib in Resources */,
				A162B1C01A5C80C800C7B01C /* Images.xcassets in Resources */,
			);
			runOnlyForDeploymentPostprocessing = 0;
		};
/* End PBXResourcesBuildPhase section */

/* Begin PBXShellScriptBuildPhase section */
		607982CB095C50B61A14D799 /* [CP] Check Pods Manifest.lock */ = {
			isa = PBXShellScriptBuildPhase;
			buildActionMask = 2147483647;
			files = (
			);
			inputPaths = (
			);
			name = "[CP] Check Pods Manifest.lock";
			outputPaths = (
			);
			runOnlyForDeploymentPostprocessing = 0;
			shellPath = /bin/sh;
			shellScript = "diff \"${PODS_ROOT}/../Podfile.lock\" \"${PODS_ROOT}/Manifest.lock\" > /dev/null\nif [ $? != 0 ] ; then\n    # print error to STDERR\n    echo \"error: The sandbox is not in sync with the Podfile.lock. Run 'pod install' or update your CocoaPods installation.\" >&2\n    exit 1\nfi\n";
			showEnvVarsInLog = 0;
		};
		8C54BBFF05040900DC4AB06A /* [CP] Embed Pods Frameworks */ = {
			isa = PBXShellScriptBuildPhase;
			buildActionMask = 2147483647;
			files = (
			);
			inputPaths = (
			);
			name = "[CP] Embed Pods Frameworks";
			outputPaths = (
			);
			runOnlyForDeploymentPostprocessing = 0;
			shellPath = /bin/sh;
			shellScript = "\"${SRCROOT}/../Pods/Target Support Files/Pods-Example/Pods-Example-frameworks.sh\"\n";
			showEnvVarsInLog = 0;
		};
		D24C1CF0B0DDF33DD6364413 /* [CP] Copy Pods Resources */ = {
			isa = PBXShellScriptBuildPhase;
			buildActionMask = 2147483647;
			files = (
			);
			inputPaths = (
			);
			name = "[CP] Copy Pods Resources";
			outputPaths = (
			);
			runOnlyForDeploymentPostprocessing = 0;
			shellPath = /bin/sh;
			shellScript = "\"${SRCROOT}/../Pods/Target Support Files/Pods-Example/Pods-Example-resources.sh\"\n";
			showEnvVarsInLog = 0;
		};
/* End PBXShellScriptBuildPhase section */

/* Begin PBXSourcesBuildPhase section */
		A1518DDC1A682C0600C322F1 /* Sources */ = {
			isa = PBXSourcesBuildPhase;
			buildActionMask = 2147483647;
			files = (
			);
			runOnlyForDeploymentPostprocessing = 0;
		};
		A162B1AF1A5C80C800C7B01C /* Sources */ = {
			isa = PBXSourcesBuildPhase;
			buildActionMask = 2147483647;
			files = (
				A12041481B9A365100E80140 /* DetailViewController.swift in Sources */,
				A162B1BB1A5C80C800C7B01C /* MasterViewController.swift in Sources */,
				A1A775371BB9914F00289023 /* ImageViewController.swift in Sources */,
				A12F39281BB9E09F00E376C1 /* VerticalViewController.swift in Sources */,
				A162B1B91A5C80C800C7B01C /* AppDelegate.swift in Sources */,
			);
			runOnlyForDeploymentPostprocessing = 0;
		};
/* End PBXSourcesBuildPhase section */

/* Begin PBXTargetDependency section */
		A1518DE71A682C0600C322F1 /* PBXTargetDependency */ = {
			isa = PBXTargetDependency;
			target = A162B1B21A5C80C800C7B01C /* Example */;
			targetProxy = A1518DE61A682C0600C322F1 /* PBXContainerItemProxy */;
		};
/* End PBXTargetDependency section */

/* Begin PBXVariantGroup section */
		A162B1BC1A5C80C800C7B01C /* Main.storyboard */ = {
			isa = PBXVariantGroup;
			children = (
				A162B1BD1A5C80C800C7B01C /* Base */,
			);
			name = Main.storyboard;
			sourceTree = "<group>";
		};
		A162B1C11A5C80C800C7B01C /* LaunchScreen.xib */ = {
			isa = PBXVariantGroup;
			children = (
				A162B1C21A5C80C800C7B01C /* Base */,
			);
			name = LaunchScreen.xib;
			sourceTree = "<group>";
		};
/* End PBXVariantGroup section */

/* Begin XCBuildConfiguration section */
		A1518DE81A682C0600C322F1 /* Debug */ = {
			isa = XCBuildConfiguration;
			buildSettings = {
				BUNDLE_LOADER = "$(TEST_HOST)";
				CLANG_ENABLE_MODULES = YES;
				FRAMEWORK_SEARCH_PATHS = (
					"$(SDKROOT)/Developer/Library/Frameworks",
					"$(inherited)",
				);
				GCC_PREPROCESSOR_DEFINITIONS = (
					"DEBUG=1",
					"$(inherited)",
					"FB_REFERENCE_IMAGE_DIR=\"\\\"$(SOURCE_ROOT)/$(PROJECT_NAME)Tests/ReferenceImages\\\"\"",
				);
				INFOPLIST_FILE = ExampleTests/Info.plist;
				LD_RUNPATH_SEARCH_PATHS = "$(inherited) @executable_path/Frameworks @loader_path/Frameworks";
				PRODUCT_BUNDLE_IDENTIFIER = "com.yourkarma.$(PRODUCT_NAME:rfc1034identifier)";
				PRODUCT_NAME = "$(TARGET_NAME)";
				SWIFT_OPTIMIZATION_LEVEL = "-Onone";
				TEST_HOST = "$(BUILT_PRODUCTS_DIR)/Example.app/Example";
			};
			name = Debug;
		};
		A1518DE91A682C0600C322F1 /* Release */ = {
			isa = XCBuildConfiguration;
			buildSettings = {
				BUNDLE_LOADER = "$(TEST_HOST)";
				CLANG_ENABLE_MODULES = YES;
				FRAMEWORK_SEARCH_PATHS = (
					"$(SDKROOT)/Developer/Library/Frameworks",
					"$(inherited)",
				);
				INFOPLIST_FILE = ExampleTests/Info.plist;
				LD_RUNPATH_SEARCH_PATHS = "$(inherited) @executable_path/Frameworks @loader_path/Frameworks";
				PRODUCT_BUNDLE_IDENTIFIER = "com.yourkarma.$(PRODUCT_NAME:rfc1034identifier)";
				PRODUCT_NAME = "$(TARGET_NAME)";
				TEST_HOST = "$(BUILT_PRODUCTS_DIR)/Example.app/Example";
			};
			name = Release;
		};
		A162B1D01A5C80C800C7B01C /* Debug */ = {
			isa = XCBuildConfiguration;
			buildSettings = {
				ALWAYS_SEARCH_USER_PATHS = NO;
				CLANG_CXX_LANGUAGE_STANDARD = "gnu++0x";
				CLANG_CXX_LIBRARY = "libc++";
				CLANG_ENABLE_MODULES = YES;
				CLANG_ENABLE_OBJC_ARC = YES;
				CLANG_WARN_BOOL_CONVERSION = YES;
				CLANG_WARN_CONSTANT_CONVERSION = YES;
				CLANG_WARN_DIRECT_OBJC_ISA_USAGE = YES_ERROR;
				CLANG_WARN_EMPTY_BODY = YES;
				CLANG_WARN_ENUM_CONVERSION = YES;
				CLANG_WARN_INFINITE_RECURSION = YES;
				CLANG_WARN_INT_CONVERSION = YES;
				CLANG_WARN_OBJC_ROOT_CLASS = YES_ERROR;
				CLANG_WARN_SUSPICIOUS_MOVE = YES;
				CLANG_WARN_UNREACHABLE_CODE = YES;
				CLANG_WARN__DUPLICATE_METHOD_MATCH = YES;
				"CODE_SIGN_IDENTITY[sdk=iphoneos*]" = "iPhone Developer";
				COPY_PHASE_STRIP = NO;
				ENABLE_STRICT_OBJC_MSGSEND = YES;
				ENABLE_TESTABILITY = YES;
				GCC_C_LANGUAGE_STANDARD = gnu99;
				GCC_DYNAMIC_NO_PIC = NO;
				GCC_NO_COMMON_BLOCKS = YES;
				GCC_OPTIMIZATION_LEVEL = 0;
				GCC_PREPROCESSOR_DEFINITIONS = (
					"DEBUG=1",
					"$(inherited)",
				);
				GCC_SYMBOLS_PRIVATE_EXTERN = NO;
				GCC_WARN_64_TO_32_BIT_CONVERSION = YES;
				GCC_WARN_ABOUT_RETURN_TYPE = YES_ERROR;
				GCC_WARN_UNDECLARED_SELECTOR = YES;
				GCC_WARN_UNINITIALIZED_AUTOS = YES_AGGRESSIVE;
				GCC_WARN_UNUSED_FUNCTION = YES;
				GCC_WARN_UNUSED_VARIABLE = YES;
				IPHONEOS_DEPLOYMENT_TARGET = 9.0;
				MTL_ENABLE_DEBUG_INFO = YES;
				ONLY_ACTIVE_ARCH = YES;
				SDKROOT = iphoneos;
				SWIFT_OPTIMIZATION_LEVEL = "-Onone";
				TARGETED_DEVICE_FAMILY = "1,2";
			};
			name = Debug;
		};
		A162B1D11A5C80C800C7B01C /* Release */ = {
			isa = XCBuildConfiguration;
			buildSettings = {
				ALWAYS_SEARCH_USER_PATHS = NO;
				CLANG_CXX_LANGUAGE_STANDARD = "gnu++0x";
				CLANG_CXX_LIBRARY = "libc++";
				CLANG_ENABLE_MODULES = YES;
				CLANG_ENABLE_OBJC_ARC = YES;
				CLANG_WARN_BOOL_CONVERSION = YES;
				CLANG_WARN_CONSTANT_CONVERSION = YES;
				CLANG_WARN_DIRECT_OBJC_ISA_USAGE = YES_ERROR;
				CLANG_WARN_EMPTY_BODY = YES;
				CLANG_WARN_ENUM_CONVERSION = YES;
				CLANG_WARN_INFINITE_RECURSION = YES;
				CLANG_WARN_INT_CONVERSION = YES;
				CLANG_WARN_OBJC_ROOT_CLASS = YES_ERROR;
				CLANG_WARN_SUSPICIOUS_MOVE = YES;
				CLANG_WARN_UNREACHABLE_CODE = YES;
				CLANG_WARN__DUPLICATE_METHOD_MATCH = YES;
				"CODE_SIGN_IDENTITY[sdk=iphoneos*]" = "iPhone Developer";
				COPY_PHASE_STRIP = NO;
				ENABLE_NS_ASSERTIONS = NO;
				ENABLE_STRICT_OBJC_MSGSEND = YES;
				GCC_C_LANGUAGE_STANDARD = gnu99;
				GCC_NO_COMMON_BLOCKS = YES;
				GCC_WARN_64_TO_32_BIT_CONVERSION = YES;
				GCC_WARN_ABOUT_RETURN_TYPE = YES_ERROR;
				GCC_WARN_UNDECLARED_SELECTOR = YES;
				GCC_WARN_UNINITIALIZED_AUTOS = YES_AGGRESSIVE;
				GCC_WARN_UNUSED_FUNCTION = YES;
				GCC_WARN_UNUSED_VARIABLE = YES;
				IPHONEOS_DEPLOYMENT_TARGET = 9.0;
				MTL_ENABLE_DEBUG_INFO = NO;
				SDKROOT = iphoneos;
				SWIFT_OPTIMIZATION_LEVEL = "-Owholemodule";
				TARGETED_DEVICE_FAMILY = "1,2";
				VALIDATE_PRODUCT = YES;
			};
			name = Release;
		};
		A162B1D31A5C80C800C7B01C /* Debug */ = {
			isa = XCBuildConfiguration;
			baseConfigurationReference = F8BA00E96C14F2D235C21C5B /* Pods-Example.debug.xcconfig */;
			buildSettings = {
				ALWAYS_EMBED_SWIFT_STANDARD_LIBRARIES = YES;
				ASSETCATALOG_COMPILER_APPICON_NAME = AppIcon;
				DEVELOPMENT_TEAM = 2DP9335PZJ;
				INFOPLIST_FILE = Example/Info.plist;
				LD_RUNPATH_SEARCH_PATHS = "$(inherited) @executable_path/Frameworks";
				PRODUCT_BUNDLE_IDENTIFIER = "com.yourkarma.$(PRODUCT_NAME:rfc1034identifier)";
				PRODUCT_NAME = "$(TARGET_NAME)";
				SWIFT_VERSION = 3.0;
			};
			name = Debug;
		};
		A162B1D41A5C80C800C7B01C /* Release */ = {
			isa = XCBuildConfiguration;
			baseConfigurationReference = 41B49DD45D57457E92EA5574 /* Pods-Example.release.xcconfig */;
			buildSettings = {
				ALWAYS_EMBED_SWIFT_STANDARD_LIBRARIES = YES;
				ASSETCATALOG_COMPILER_APPICON_NAME = AppIcon;
				DEVELOPMENT_TEAM = 2DP9335PZJ;
				INFOPLIST_FILE = Example/Info.plist;
				LD_RUNPATH_SEARCH_PATHS = "$(inherited) @executable_path/Frameworks";
				PRODUCT_BUNDLE_IDENTIFIER = "com.yourkarma.$(PRODUCT_NAME:rfc1034identifier)";
				PRODUCT_NAME = "$(TARGET_NAME)";
				SWIFT_VERSION = 3.0;
			};
			name = Release;
		};
/* End XCBuildConfiguration section */

/* Begin XCConfigurationList section */
		A1518DEB1A682C0600C322F1 /* Build configuration list for PBXNativeTarget "ExampleTests" */ = {
			isa = XCConfigurationList;
			buildConfigurations = (
				A1518DE81A682C0600C322F1 /* Debug */,
				A1518DE91A682C0600C322F1 /* Release */,
			);
			defaultConfigurationIsVisible = 0;
			defaultConfigurationName = Release;
		};
		A162B1AE1A5C80C800C7B01C /* Build configuration list for PBXProject "Example" */ = {
			isa = XCConfigurationList;
			buildConfigurations = (
				A162B1D01A5C80C800C7B01C /* Debug */,
				A162B1D11A5C80C800C7B01C /* Release */,
			);
			defaultConfigurationIsVisible = 0;
			defaultConfigurationName = Release;
		};
		A162B1D21A5C80C800C7B01C /* Build configuration list for PBXNativeTarget "Example" */ = {
			isa = XCConfigurationList;
			buildConfigurations = (
				A162B1D31A5C80C800C7B01C /* Debug */,
				A162B1D41A5C80C800C7B01C /* Release */,
			);
			defaultConfigurationIsVisible = 0;
			defaultConfigurationName = Release;
		};
/* End XCConfigurationList section */
	};
	rootObject = A162B1AB1A5C80C800C7B01C /* Project object */;
}
